
Microsoft Visual Studio Solution File, Format Version 12.00
Project("{FAE04EC0-301F-11D3-BF4B-00C04F79EFBC}") = "RunAway", "RunAway\RunAway.csproj", "{98B7C2F1-D347-49B5-8FF5-43947A785C24}"
EndProject
Project("{2150E333-8FDC-42A3-9474-1A3956D46DE8}") = "Solution Items", "Solution Items", "{AB211FBC-616C-4339-A956-6BAF5C473605}"
	ProjectSection(SolutionItems) = preProject
		compose.yaml = compose.yaml
	EndProjectSection
EndProject
Global
	GlobalSection(SolutionConfigurationPlatforms) = preSolution
		Debug|Any CPU = Debug|Any CPU
		Release|Any CPU = Release|Any CPU
	EndGlobalSection
	GlobalSection(ProjectConfigurationPlatforms) = postSolution
		{98B7C2F1-D347-49B5-8FF5-43947A785C24}.Debug|Any CPU.ActiveCfg = Debug|Any CPU
		{98B7C2F1-D347-49B5-8FF5-43947A785C24}.Debug|Any CPU.Build.0 = Debug|Any CPU
		{98B7C2F1-D347-49B5-8FF5-43947A785C24}.Release|Any CPU.ActiveCfg = Release|Any CPU
		{98B7C2F1-D347-49B5-8FF5-43947A785C24}.Release|Any CPU.Build.0 = Release|Any CPU
	EndGlobalSection
EndGlobal
